
Microsoft Visual Studio Solution File, Format Version 12.00
# Visual Studio Version 16
VisualStudioVersion = 16.0.30907.101
MinimumVisualStudioVersion = 10.0.40219.1
Project("{9A19103F-16F7-4668-BE54-9A1E7A4F7556}") = "AgvcAgent", "AgvcAgent\AgvcAgent.csproj", "{034156E0-F655-46EE-A31A-0581B9BEADF7}"
EndProject
Project("{9A19103F-16F7-4668-BE54-9A1E7A4F7556}") = "MesCommunication", "MesCommunication\MesCommunication.csproj", "{F52A39C0-E4ED-4E89-B298-23BA2E6B04B7}"
EndProject
Project("{9A19103F-16F7-4668-BE54-9A1E7A4F7556}") = "IMCommunication", "IMCommunication\IMCommunication.csproj", "{641B7A23-0C14-4E12-84AD-563D952834F4}"
EndProject
Project("{FAE04EC0-301F-11D3-BF4B-00C04F79EFBC}") = "AgvUtility", "AgvUtility\AgvUtility.csproj", "{CCD6153C-9FFA-4566-860E-35DA93FD0EF0}"
EndProject
Project("{FAE04EC0-301F-11D3-BF4B-00C04F79EFBC}") = "AgvcUnitTest", "AgvcUnitTest\AgvcUnitTest.csproj", "{BF2CA4B4-9466-46E9-96B4-CBA924F3F675}"
EndProject
Global
	GlobalSection(SolutionConfigurationPlatforms) = preSolution
		Debug|Any CPU = Debug|Any CPU
		Release|Any CPU = Release|Any CPU
	EndGlobalSection
	GlobalSection(ProjectConfigurationPlatforms) = postSolution
		{034156E0-F655-46EE-A31A-0581B9BEADF7}.Debug|Any CPU.ActiveCfg = Debug|Any CPU
		{034156E0-F655-46EE-A31A-0581B9BEADF7}.Debug|Any CPU.Build.0 = Debug|Any CPU
		{034156E0-F655-46EE-A31A-0581B9BEADF7}.Release|Any CPU.ActiveCfg = Release|Any CPU
		{034156E0-F655-46EE-A31A-0581B9BEADF7}.Release|Any CPU.Build.0 = Release|Any CPU
		{F52A39C0-E4ED-4E89-B298-23BA2E6B04B7}.Debug|Any CPU.ActiveCfg = Debug|Any CPU
		{F52A39C0-E4ED-4E89-B298-23BA2E6B04B7}.Debug|Any CPU.Build.0 = Debug|Any CPU
		{F52A39C0-E4ED-4E89-B298-23BA2E6B04B7}.Release|Any CPU.ActiveCfg = Release|Any CPU
		{F52A39C0-E4ED-4E89-B298-23BA2E6B04B7}.Release|Any CPU.Build.0 = Release|Any CPU
		{641B7A23-0C14-4E12-84AD-563D952834F4}.Debug|Any CPU.ActiveCfg = Debug|Any CPU
		{641B7A23-0C14-4E12-84AD-563D952834F4}.Debug|Any CPU.Build.0 = Debug|Any CPU
		{641B7A23-0C14-4E12-84AD-563D952834F4}.Release|Any CPU.ActiveCfg = Release|Any CPU
		{641B7A23-0C14-4E12-84AD-563D952834F4}.Release|Any CPU.Build.0 = Release|Any CPU
		{CCD6153C-9FFA-4566-860E-35DA93FD0EF0}.Debug|Any CPU.ActiveCfg = Debug|Any CPU
		{CCD6153C-9FFA-4566-860E-35DA93FD0EF0}.Debug|Any CPU.Build.0 = Debug|Any CPU
		{CCD6153C-9FFA-4566-860E-35DA93FD0EF0}.Release|Any CPU.ActiveCfg = Release|Any CPU
		{CCD6153C-9FFA-4566-860E-35DA93FD0EF0}.Release|Any CPU.Build.0 = Release|Any CPU
		{BF2CA4B4-9466-46E9-96B4-CBA924F3F675}.Debug|Any CPU.ActiveCfg = Debug|Any CPU
		{BF2CA4B4-9466-46E9-96B4-CBA924F3F675}.Debug|Any CPU.Build.0 = Debug|Any CPU
		{BF2CA4B4-9466-46E9-96B4-CBA924F3F675}.Release|Any CPU.ActiveCfg = Release|Any CPU
		{BF2CA4B4-9466-46E9-96B4-CBA924F3F675}.Release|Any CPU.Build.0 = Release|Any CPU
	EndGlobalSection
	GlobalSection(SolutionProperties) = preSolution
		HideSolutionNode = FALSE
	EndGlobalSection
	GlobalSection(ExtensibilityGlobals) = postSolution
		SolutionGuid = {05814AF0-69AE-4D20-82B0-C5F0D79509AD}
	EndGlobalSection
EndGlobal
