
Microsoft Visual Studio Solution File, Format Version 12.00
# Visual Studio Version 16
VisualStudioVersion = 16.0.30907.101
MinimumVisualStudioVersion = 10.0.40219.1
Project("{9A19103F-16F7-4668-BE54-9A1E7A4F7556}") = "AgvcAgent", "AgvcAgent\AgvcAgent.csproj", "{034156E0-F655-46EE-A31A-0581B9BEADF7}"
EndProject
Project("{9A19103F-16F7-4668-BE54-9A1E7A4F7556}") = "Utility", "AgvUtility\Utility.csproj", "{CCD6153C-9FFA-4566-860E-35DA93FD0EF0}"
EndProject
Project("{9A19103F-16F7-4668-BE54-9A1E7A4F7556}") = "AgvcUnitTest", "AgvcUnitTest\AgvcUnitTest.csproj", "{BF2CA4B4-9466-46E9-96B4-CBA924F3F675}"
EndProject
Project("{9A19103F-16F7-4668-BE54-9A1E7A4F7556}") = "Protocol", "IM\Protocol\Protocol.csproj", "{8B73B4F8-6F22-4B1A-87A3-520856A4BE7A}"
EndProject
Project("{2150E333-8FDC-42A3-9474-1A3956D46DE8}") = "IM", "IM", "{B26DB216-AE4E-42F1-A073-3B922E238861}"
EndProject
Project("{2150E333-8FDC-42A3-9474-1A3956D46DE8}") = "MES", "MES", "{04A02E10-2F68-41A6-9B95-AC044309B488}"
EndProject
Project("{9A19103F-16F7-4668-BE54-9A1E7A4F7556}") = "RobotDefine", "IM\RobotDefine\RobotDefine.csproj", "{C5281B6C-689B-4015-B066-187387F2BB38}"
EndProject
Project("{9A19103F-16F7-4668-BE54-9A1E7A4F7556}") = "Serialize", "IM\Serialize\Serialize.csproj", "{1C95B34B-BDD7-4385-9F81-0F6AD0A0048A}"
EndProject
Project("{9A19103F-16F7-4668-BE54-9A1E7A4F7556}") = "Messages", "MES\Messages\Messages.csproj", "{FDD0ED82-942C-4039-B4CE-06E1E72ED935}"
EndProject
Project("{9A19103F-16F7-4668-BE54-9A1E7A4F7556}") = "IBMQ", "MES\IBMQ\IBMQ.csproj", "{5EC10D66-6666-42F7-BCEB-88BBE95CCDED}"
EndProject
Project("{9A19103F-16F7-4668-BE54-9A1E7A4F7556}") = "AgvcWorkFactory", "IM\RobotFactory\AgvcWorkFactory.csproj", "{522E820C-C31F-4313-953C-7472CFA50C46}"
EndProject
Project("{9A19103F-16F7-4668-BE54-9A1E7A4F7556}") = "DeviceDefine", "IM\DeviceDefine\DeviceDefine.csproj", "{7262FF52-4286-4A9E-8A00-74A4DF79F264}"
EndProject
Project("{9A19103F-16F7-4668-BE54-9A1E7A4F7556}") = "AgvcRepository", "AgvcRepository\AgvcRepository.csproj", "{D912E4FF-0800-482F-9FC5-1507FA14FE75}"
EndProject
Project("{9A19103F-16F7-4668-BE54-9A1E7A4F7556}") = "CoreRepository", "CoreRepository\CoreRepository.csproj", "{181781D4-9F13-4418-9A71-8215F9CFDC65}"
EndProject
Project("{2150E333-8FDC-42A3-9474-1A3956D46DE8}") = "DATAS", "DATAS", "{A9A54454-FDB9-40DD-B5A8-3B27767B4F15}"
EndProject
Project("{2150E333-8FDC-42A3-9474-1A3956D46DE8}") = "SERVICES", "SERVICES", "{7C340D4B-4E65-4AFF-AB1E-D96D970E0212}"
EndProject
Project("{9A19103F-16F7-4668-BE54-9A1E7A4F7556}") = "CoreService", "SERVICES\CoreService\CoreService.csproj", "{994A8AED-C4DF-4D70-977A-72211BDE48F2}"
EndProject
Project("{9A19103F-16F7-4668-BE54-9A1E7A4F7556}") = "CoreData", "DATAS\CoreData\CoreData.csproj", "{F9A3C360-4CD8-4F10-A2DE-022C5FC225D5}"
EndProject
Project("{9A19103F-16F7-4668-BE54-9A1E7A4F7556}") = "AgvcService", "SERVICES\AgvcService\AgvcService.csproj", "{E6EA9306-9D98-4D72-B47A-C819041C8431}"
EndProject
Project("{9A19103F-16F7-4668-BE54-9A1E7A4F7556}") = "AgvcEntitys", "DATAS\AgvcEntitys\AgvcEntitys.csproj", "{D6AF87B7-86F2-420B-A704-A8A1A633DFBE}"
EndProject
Project("{9A19103F-16F7-4668-BE54-9A1E7A4F7556}") = "AgvcCoreData", "DATAS\AgvcCoreData\AgvcCoreData.csproj", "{08E5D14E-C51A-47A4-A366-017B8411AAC1}"
EndProject
Project("{2150E333-8FDC-42A3-9474-1A3956D46DE8}") = "Core", "Core", "{0085F34E-9C81-4915-8C83-D7A8BCBF846B}"
EndProject
Project("{2150E333-8FDC-42A3-9474-1A3956D46DE8}") = "Core", "Core", "{2B5E8B3B-AE2B-4544-AF97-9E51D60B7315}"
EndProject
Project("{FAE04EC0-301F-11D3-BF4B-00C04F79EFBC}") = "Cache.IRedis", "Cache.IRedis\Cache.IRedis.csproj", "{25276A7F-0B64-4DCB-A8DC-9A3F37967856}"
EndProject
Global
	GlobalSection(SolutionConfigurationPlatforms) = preSolution
		Debug|Any CPU = Debug|Any CPU
		Release|Any CPU = Release|Any CPU
	EndGlobalSection
	GlobalSection(ProjectConfigurationPlatforms) = postSolution
		{034156E0-F655-46EE-A31A-0581B9BEADF7}.Debug|Any CPU.ActiveCfg = Debug|Any CPU
		{034156E0-F655-46EE-A31A-0581B9BEADF7}.Debug|Any CPU.Build.0 = Debug|Any CPU
		{034156E0-F655-46EE-A31A-0581B9BEADF7}.Release|Any CPU.ActiveCfg = Release|Any CPU
		{034156E0-F655-46EE-A31A-0581B9BEADF7}.Release|Any CPU.Build.0 = Release|Any CPU
		{CCD6153C-9FFA-4566-860E-35DA93FD0EF0}.Debug|Any CPU.ActiveCfg = Debug|Any CPU
		{CCD6153C-9FFA-4566-860E-35DA93FD0EF0}.Debug|Any CPU.Build.0 = Debug|Any CPU
		{CCD6153C-9FFA-4566-860E-35DA93FD0EF0}.Release|Any CPU.ActiveCfg = Release|Any CPU
		{CCD6153C-9FFA-4566-860E-35DA93FD0EF0}.Release|Any CPU.Build.0 = Release|Any CPU
		{BF2CA4B4-9466-46E9-96B4-CBA924F3F675}.Debug|Any CPU.ActiveCfg = Debug|Any CPU
		{BF2CA4B4-9466-46E9-96B4-CBA924F3F675}.Debug|Any CPU.Build.0 = Debug|Any CPU
		{BF2CA4B4-9466-46E9-96B4-CBA924F3F675}.Release|Any CPU.ActiveCfg = Release|Any CPU
		{BF2CA4B4-9466-46E9-96B4-CBA924F3F675}.Release|Any CPU.Build.0 = Release|Any CPU
		{8B73B4F8-6F22-4B1A-87A3-520856A4BE7A}.Debug|Any CPU.ActiveCfg = Debug|Any CPU
		{8B73B4F8-6F22-4B1A-87A3-520856A4BE7A}.Debug|Any CPU.Build.0 = Debug|Any CPU
		{8B73B4F8-6F22-4B1A-87A3-520856A4BE7A}.Release|Any CPU.ActiveCfg = Release|Any CPU
		{8B73B4F8-6F22-4B1A-87A3-520856A4BE7A}.Release|Any CPU.Build.0 = Release|Any CPU
		{C5281B6C-689B-4015-B066-187387F2BB38}.Debug|Any CPU.ActiveCfg = Debug|Any CPU
		{C5281B6C-689B-4015-B066-187387F2BB38}.Debug|Any CPU.Build.0 = Debug|Any CPU
		{C5281B6C-689B-4015-B066-187387F2BB38}.Release|Any CPU.ActiveCfg = Release|Any CPU
		{C5281B6C-689B-4015-B066-187387F2BB38}.Release|Any CPU.Build.0 = Release|Any CPU
		{1C95B34B-BDD7-4385-9F81-0F6AD0A0048A}.Debug|Any CPU.ActiveCfg = Debug|Any CPU
		{1C95B34B-BDD7-4385-9F81-0F6AD0A0048A}.Debug|Any CPU.Build.0 = Debug|Any CPU
		{1C95B34B-BDD7-4385-9F81-0F6AD0A0048A}.Release|Any CPU.ActiveCfg = Release|Any CPU
		{1C95B34B-BDD7-4385-9F81-0F6AD0A0048A}.Release|Any CPU.Build.0 = Release|Any CPU
		{FDD0ED82-942C-4039-B4CE-06E1E72ED935}.Debug|Any CPU.ActiveCfg = Debug|Any CPU
		{FDD0ED82-942C-4039-B4CE-06E1E72ED935}.Debug|Any CPU.Build.0 = Debug|Any CPU
		{FDD0ED82-942C-4039-B4CE-06E1E72ED935}.Release|Any CPU.ActiveCfg = Release|Any CPU
		{FDD0ED82-942C-4039-B4CE-06E1E72ED935}.Release|Any CPU.Build.0 = Release|Any CPU
		{5EC10D66-6666-42F7-BCEB-88BBE95CCDED}.Debug|Any CPU.ActiveCfg = Debug|Any CPU
		{5EC10D66-6666-42F7-BCEB-88BBE95CCDED}.Debug|Any CPU.Build.0 = Debug|Any CPU
		{5EC10D66-6666-42F7-BCEB-88BBE95CCDED}.Release|Any CPU.ActiveCfg = Release|Any CPU
		{5EC10D66-6666-42F7-BCEB-88BBE95CCDED}.Release|Any CPU.Build.0 = Release|Any CPU
		{522E820C-C31F-4313-953C-7472CFA50C46}.Debug|Any CPU.ActiveCfg = Debug|Any CPU
		{522E820C-C31F-4313-953C-7472CFA50C46}.Debug|Any CPU.Build.0 = Debug|Any CPU
		{522E820C-C31F-4313-953C-7472CFA50C46}.Release|Any CPU.ActiveCfg = Release|Any CPU
		{522E820C-C31F-4313-953C-7472CFA50C46}.Release|Any CPU.Build.0 = Release|Any CPU
		{7262FF52-4286-4A9E-8A00-74A4DF79F264}.Debug|Any CPU.ActiveCfg = Debug|Any CPU
		{7262FF52-4286-4A9E-8A00-74A4DF79F264}.Debug|Any CPU.Build.0 = Debug|Any CPU
		{7262FF52-4286-4A9E-8A00-74A4DF79F264}.Release|Any CPU.ActiveCfg = Release|Any CPU
		{7262FF52-4286-4A9E-8A00-74A4DF79F264}.Release|Any CPU.Build.0 = Release|Any CPU
		{D912E4FF-0800-482F-9FC5-1507FA14FE75}.Debug|Any CPU.ActiveCfg = Debug|Any CPU
		{D912E4FF-0800-482F-9FC5-1507FA14FE75}.Debug|Any CPU.Build.0 = Debug|Any CPU
		{D912E4FF-0800-482F-9FC5-1507FA14FE75}.Release|Any CPU.ActiveCfg = Release|Any CPU
		{D912E4FF-0800-482F-9FC5-1507FA14FE75}.Release|Any CPU.Build.0 = Release|Any CPU
		{181781D4-9F13-4418-9A71-8215F9CFDC65}.Debug|Any CPU.ActiveCfg = Debug|Any CPU
		{181781D4-9F13-4418-9A71-8215F9CFDC65}.Debug|Any CPU.Build.0 = Debug|Any CPU
		{181781D4-9F13-4418-9A71-8215F9CFDC65}.Release|Any CPU.ActiveCfg = Release|Any CPU
		{181781D4-9F13-4418-9A71-8215F9CFDC65}.Release|Any CPU.Build.0 = Release|Any CPU
		{994A8AED-C4DF-4D70-977A-72211BDE48F2}.Debug|Any CPU.ActiveCfg = Debug|Any CPU
		{994A8AED-C4DF-4D70-977A-72211BDE48F2}.Debug|Any CPU.Build.0 = Debug|Any CPU
		{994A8AED-C4DF-4D70-977A-72211BDE48F2}.Release|Any CPU.ActiveCfg = Release|Any CPU
		{994A8AED-C4DF-4D70-977A-72211BDE48F2}.Release|Any CPU.Build.0 = Release|Any CPU
		{F9A3C360-4CD8-4F10-A2DE-022C5FC225D5}.Debug|Any CPU.ActiveCfg = Debug|Any CPU
		{F9A3C360-4CD8-4F10-A2DE-022C5FC225D5}.Debug|Any CPU.Build.0 = Debug|Any CPU
		{F9A3C360-4CD8-4F10-A2DE-022C5FC225D5}.Release|Any CPU.ActiveCfg = Release|Any CPU
		{F9A3C360-4CD8-4F10-A2DE-022C5FC225D5}.Release|Any CPU.Build.0 = Release|Any CPU
		{E6EA9306-9D98-4D72-B47A-C819041C8431}.Debug|Any CPU.ActiveCfg = Debug|Any CPU
		{E6EA9306-9D98-4D72-B47A-C819041C8431}.Debug|Any CPU.Build.0 = Debug|Any CPU
		{E6EA9306-9D98-4D72-B47A-C819041C8431}.Release|Any CPU.ActiveCfg = Release|Any CPU
		{E6EA9306-9D98-4D72-B47A-C819041C8431}.Release|Any CPU.Build.0 = Release|Any CPU
		{D6AF87B7-86F2-420B-A704-A8A1A633DFBE}.Debug|Any CPU.ActiveCfg = Debug|Any CPU
		{D6AF87B7-86F2-420B-A704-A8A1A633DFBE}.Debug|Any CPU.Build.0 = Debug|Any CPU
		{D6AF87B7-86F2-420B-A704-A8A1A633DFBE}.Release|Any CPU.ActiveCfg = Release|Any CPU
		{D6AF87B7-86F2-420B-A704-A8A1A633DFBE}.Release|Any CPU.Build.0 = Release|Any CPU
		{08E5D14E-C51A-47A4-A366-017B8411AAC1}.Debug|Any CPU.ActiveCfg = Debug|Any CPU
		{08E5D14E-C51A-47A4-A366-017B8411AAC1}.Debug|Any CPU.Build.0 = Debug|Any CPU
		{08E5D14E-C51A-47A4-A366-017B8411AAC1}.Release|Any CPU.ActiveCfg = Release|Any CPU
		{08E5D14E-C51A-47A4-A366-017B8411AAC1}.Release|Any CPU.Build.0 = Release|Any CPU
		{25276A7F-0B64-4DCB-A8DC-9A3F37967856}.Debug|Any CPU.ActiveCfg = Debug|Any CPU
		{25276A7F-0B64-4DCB-A8DC-9A3F37967856}.Debug|Any CPU.Build.0 = Debug|Any CPU
		{25276A7F-0B64-4DCB-A8DC-9A3F37967856}.Release|Any CPU.ActiveCfg = Release|Any CPU
		{25276A7F-0B64-4DCB-A8DC-9A3F37967856}.Release|Any CPU.Build.0 = Release|Any CPU
	EndGlobalSection
	GlobalSection(SolutionProperties) = preSolution
		HideSolutionNode = FALSE
	EndGlobalSection
	GlobalSection(NestedProjects) = preSolution
		{8B73B4F8-6F22-4B1A-87A3-520856A4BE7A} = {2B5E8B3B-AE2B-4544-AF97-9E51D60B7315}
		{C5281B6C-689B-4015-B066-187387F2BB38} = {2B5E8B3B-AE2B-4544-AF97-9E51D60B7315}
		{1C95B34B-BDD7-4385-9F81-0F6AD0A0048A} = {2B5E8B3B-AE2B-4544-AF97-9E51D60B7315}
		{FDD0ED82-942C-4039-B4CE-06E1E72ED935} = {04A02E10-2F68-41A6-9B95-AC044309B488}
		{5EC10D66-6666-42F7-BCEB-88BBE95CCDED} = {04A02E10-2F68-41A6-9B95-AC044309B488}
		{522E820C-C31F-4313-953C-7472CFA50C46} = {B26DB216-AE4E-42F1-A073-3B922E238861}
		{7262FF52-4286-4A9E-8A00-74A4DF79F264} = {2B5E8B3B-AE2B-4544-AF97-9E51D60B7315}
		{D912E4FF-0800-482F-9FC5-1507FA14FE75} = {A9A54454-FDB9-40DD-B5A8-3B27767B4F15}
		{181781D4-9F13-4418-9A71-8215F9CFDC65} = {0085F34E-9C81-4915-8C83-D7A8BCBF846B}
		{994A8AED-C4DF-4D70-977A-72211BDE48F2} = {7C340D4B-4E65-4AFF-AB1E-D96D970E0212}
		{F9A3C360-4CD8-4F10-A2DE-022C5FC225D5} = {0085F34E-9C81-4915-8C83-D7A8BCBF846B}
		{E6EA9306-9D98-4D72-B47A-C819041C8431} = {7C340D4B-4E65-4AFF-AB1E-D96D970E0212}
		{D6AF87B7-86F2-420B-A704-A8A1A633DFBE} = {A9A54454-FDB9-40DD-B5A8-3B27767B4F15}
		{08E5D14E-C51A-47A4-A366-017B8411AAC1} = {A9A54454-FDB9-40DD-B5A8-3B27767B4F15}
		{0085F34E-9C81-4915-8C83-D7A8BCBF846B} = {A9A54454-FDB9-40DD-B5A8-3B27767B4F15}
		{2B5E8B3B-AE2B-4544-AF97-9E51D60B7315} = {B26DB216-AE4E-42F1-A073-3B922E238861}
		{25276A7F-0B64-4DCB-A8DC-9A3F37967856} = {0085F34E-9C81-4915-8C83-D7A8BCBF846B}
	EndGlobalSection
	GlobalSection(ExtensibilityGlobals) = postSolution
		SolutionGuid = {05814AF0-69AE-4D20-82B0-C5F0D79509AD}
	EndGlobalSection
EndGlobal
